{
  "object": {
    "pins": [
      {
        "package": "Snippets",
        "repositoryURL": "https://github.com/microdotblog/snippets",
        "state": {
          "branch": null,
          "revision": "e33da6e5e25a85eb774f007c47a06019816556be",
          "version": "1.1.1"
        }
      },
      {
        "package": "UUSwift",
        "repositoryURL": "https://github.com/SilverPineSoftware/UUSwift",
        "state": {
          "branch": null,
          "revision": "ab1c75cacaa305335f18649b4bfb35b8330e85a0",
          "version": "1.1.7"
        }
      },
      {
        "package": "UUSwiftCore",
        "repositoryURL": "https://github.com/SilverPineSoftware/UUSwiftCore.git",
        "state": {
          "branch": null,
          "revision": "028ebae602272ac68c0ae8840b2269f14fd1a58b",
          "version": "1.0.4"
        }
      },
      {
        "package": "UUSwiftImage",
        "repositoryURL": "https://github.com/SilverPineSoftware/UUSwiftImage.git",
        "state": {
          "branch": null,
          "revision": "bebe821ca37dc13aa0a5900e36ab18f93bff79cb",
          "version": "1.0.5"
        }
      },
      {
        "package": "UUSwiftNetworking",
        "repositoryURL": "https://github.com/SilverPineSoftware/UUSwiftNetworking.git",
        "state": {
          "branch": null,
          "revision": "8d587368712ffad5ed1b69eac0b2ae84040853df",
          "version": "1.0.5"
        }
      },
      {
        "package": "UUSwiftUX",
        "repositoryURL": "https://github.com/SilverPineSoftware/UUSwiftUX.git",
        "state": {
          "branch": null,
          "revision": "9dcda9ac337360ea9f29e465053ce3fc2c483432",
          "version": "1.0.5"
        }
      }
    ]
  },
  "version": 1
}
