{
  "object": {
    "pins": [
      {
        "package": "Snippets",
        "repositoryURL": "https://github.com/microdotblog/snippets",
        "state": {
          "branch": null,
          "revision": "e09eddb4dcb3add6a9b9efc4ffaf598562000f40",
          "version": "1.1.3"
        }
      },
      {
        "package": "UUSwift",
        "repositoryURL": "https://github.com/SilverPineSoftware/UUSwift",
        "state": {
          "branch": null,
          "revision": "69412a5d6965c3cb99410430e6414decc22738dc",
          "version": "1.1.10"
        }
      },
      {
        "package": "UUSwiftCore",
        "repositoryURL": "https://github.com/SilverPineSoftware/UUSwiftCore.git",
        "state": {
          "branch": null,
          "revision": "9e84e9fabf0c76c7dbf0ea24e91baac75e8ee48c",
          "version": "1.1.3"
        }
      },
      {
        "package": "UUSwiftImage",
        "repositoryURL": "https://github.com/SilverPineSoftware/UUSwiftImage.git",
        "state": {
          "branch": null,
          "revision": "d84c524b4d00ce6f2b985d1fbfabfc17a7acd41a",
          "version": "1.1.2"
        }
      },
      {
        "package": "UUSwiftNetworking",
        "repositoryURL": "https://github.com/SilverPineSoftware/UUSwiftNetworking.git",
        "state": {
          "branch": null,
          "revision": "847daab12fabded9a4906d4280c3117fc8bdca08",
          "version": "1.1.0"
        }
      },
      {
        "package": "UUSwiftUX",
        "repositoryURL": "https://github.com/SilverPineSoftware/UUSwiftUX.git",
        "state": {
          "branch": null,
          "revision": "09b25c29e55c49199aa1a8b93503cc873b5f144c",
          "version": "1.0.7"
        }
      }
    ]
  },
  "version": 1
}
